
Microsoft Visual Studio Solution File, Format Version 12.00
# Visual Studio Version 17
VisualStudioVersion = 17.3.32721.290
MinimumVisualStudioVersion = 10.0.40219.1
Project("{FAE04EC0-301F-11D3-BF4B-00C04F79EFBC}") = "Method overloding", "Method overloding\Method overloding.csproj", "{D527104E-77FD-4D0F-AAED-F24275993FEA}"
EndProject
Global
	GlobalSection(SolutionConfigurationPlatforms) = preSolution
		Debug|Any CPU = Debug|Any CPU
		Release|Any CPU = Release|Any CPU
	EndGlobalSection
	GlobalSection(ProjectConfigurationPlatforms) = postSolution
		{D527104E-77FD-4D0F-AAED-F24275993FEA}.Debug|Any CPU.ActiveCfg = Debug|Any CPU
		{D527104E-77FD-4D0F-AAED-F24275993FEA}.Debug|Any CPU.Build.0 = Debug|Any CPU
		{D527104E-77FD-4D0F-AAED-F24275993FEA}.Release|Any CPU.ActiveCfg = Release|Any CPU
		{D527104E-77FD-4D0F-AAED-F24275993FEA}.Release|Any CPU.Build.0 = Release|Any CPU
	EndGlobalSection
	GlobalSection(SolutionProperties) = preSolution
		HideSolutionNode = FALSE
	EndGlobalSection
	GlobalSection(ExtensibilityGlobals) = postSolution
		SolutionGuid = {80A8F117-BABA-4348-8D38-11AD81A305E9}
	EndGlobalSection
EndGlobal
